
Microsoft Visual Studio Solution File, Format Version 12.00
# Visual Studio Version 17
VisualStudioVersion = 17.8.34408.163
MinimumVisualStudioVersion = 10.0.40219.1
Project("{9A19103F-16F7-4668-BE54-9A1E7A4F7556}") = "QuizWebBlazor", "QuizWebBlazor.csproj", "{8B6B46A1-1878-469E-B30D-2670063E8C61}"
EndProject
Global
	GlobalSection(SolutionConfigurationPlatforms) = preSolution
		Debug|Any CPU = Debug|Any CPU
		Release|Any CPU = Release|Any CPU
	EndGlobalSection
	GlobalSection(ProjectConfigurationPlatforms) = postSolution
		{8B6B46A1-1878-469E-B30D-2670063E8C61}.Debug|Any CPU.ActiveCfg = Debug|Any CPU
		{8B6B46A1-1878-469E-B30D-2670063E8C61}.Debug|Any CPU.Build.0 = Debug|Any CPU
		{8B6B46A1-1878-469E-B30D-2670063E8C61}.Release|Any CPU.ActiveCfg = Release|Any CPU
		{8B6B46A1-1878-469E-B30D-2670063E8C61}.Release|Any CPU.Build.0 = Release|Any CPU
	EndGlobalSection
	GlobalSection(SolutionProperties) = preSolution
		HideSolutionNode = FALSE
	EndGlobalSection
	GlobalSection(ExtensibilityGlobals) = postSolution
		SolutionGuid = {B2BA0C34-5569-41EA-AB9E-9EC556B2F2A3}
	EndGlobalSection
EndGlobal
